
Microsoft Visual Studio Solution File, Format Version 12.00
# Visual Studio Version 16
VisualStudioVersion = 16.0.30114.105
MinimumVisualStudioVersion = 10.0.40219.1
Project("{FAE04EC0-301F-11D3-BF4B-00C04F79EFBC}") = "R5T.Peristeria.Base", "R5T.Peristeria.Base\R5T.Peristeria.Base.csproj", "{1C39716E-790D-495C-A4B9-76516EC889F2}"
EndProject
Project("{FAE04EC0-301F-11D3-BF4B-00C04F79EFBC}") = "R5T.Peristeria.Base.Construction", "R5T.Peristeria.Base.Construction\R5T.Peristeria.Base.Construction.csproj", "{51E952F7-905C-4AC4-BE2F-096E2059A54F}"
EndProject
Global
	GlobalSection(SolutionConfigurationPlatforms) = preSolution
		Debug|Any CPU = Debug|Any CPU
		Debug|x64 = Debug|x64
		Debug|x86 = Debug|x86
		Release|Any CPU = Release|Any CPU
		Release|x64 = Release|x64
		Release|x86 = Release|x86
	EndGlobalSection
	GlobalSection(SolutionProperties) = preSolution
		HideSolutionNode = FALSE
	EndGlobalSection
	GlobalSection(ProjectConfigurationPlatforms) = postSolution
		{1C39716E-790D-495C-A4B9-76516EC889F2}.Debug|Any CPU.ActiveCfg = Debug|Any CPU
		{1C39716E-790D-495C-A4B9-76516EC889F2}.Debug|Any CPU.Build.0 = Debug|Any CPU
		{1C39716E-790D-495C-A4B9-76516EC889F2}.Debug|x64.ActiveCfg = Debug|Any CPU
		{1C39716E-790D-495C-A4B9-76516EC889F2}.Debug|x64.Build.0 = Debug|Any CPU
		{1C39716E-790D-495C-A4B9-76516EC889F2}.Debug|x86.ActiveCfg = Debug|Any CPU
		{1C39716E-790D-495C-A4B9-76516EC889F2}.Debug|x86.Build.0 = Debug|Any CPU
		{1C39716E-790D-495C-A4B9-76516EC889F2}.Release|Any CPU.ActiveCfg = Release|Any CPU
		{1C39716E-790D-495C-A4B9-76516EC889F2}.Release|Any CPU.Build.0 = Release|Any CPU
		{1C39716E-790D-495C-A4B9-76516EC889F2}.Release|x64.ActiveCfg = Release|Any CPU
		{1C39716E-790D-495C-A4B9-76516EC889F2}.Release|x64.Build.0 = Release|Any CPU
		{1C39716E-790D-495C-A4B9-76516EC889F2}.Release|x86.ActiveCfg = Release|Any CPU
		{1C39716E-790D-495C-A4B9-76516EC889F2}.Release|x86.Build.0 = Release|Any CPU
		{51E952F7-905C-4AC4-BE2F-096E2059A54F}.Debug|Any CPU.ActiveCfg = Debug|Any CPU
		{51E952F7-905C-4AC4-BE2F-096E2059A54F}.Debug|Any CPU.Build.0 = Debug|Any CPU
		{51E952F7-905C-4AC4-BE2F-096E2059A54F}.Debug|x64.ActiveCfg = Debug|Any CPU
		{51E952F7-905C-4AC4-BE2F-096E2059A54F}.Debug|x64.Build.0 = Debug|Any CPU
		{51E952F7-905C-4AC4-BE2F-096E2059A54F}.Debug|x86.ActiveCfg = Debug|Any CPU
		{51E952F7-905C-4AC4-BE2F-096E2059A54F}.Debug|x86.Build.0 = Debug|Any CPU
		{51E952F7-905C-4AC4-BE2F-096E2059A54F}.Release|Any CPU.ActiveCfg = Release|Any CPU
		{51E952F7-905C-4AC4-BE2F-096E2059A54F}.Release|Any CPU.Build.0 = Release|Any CPU
		{51E952F7-905C-4AC4-BE2F-096E2059A54F}.Release|x64.ActiveCfg = Release|Any CPU
		{51E952F7-905C-4AC4-BE2F-096E2059A54F}.Release|x64.Build.0 = Release|Any CPU
		{51E952F7-905C-4AC4-BE2F-096E2059A54F}.Release|x86.ActiveCfg = Release|Any CPU
		{51E952F7-905C-4AC4-BE2F-096E2059A54F}.Release|x86.Build.0 = Release|Any CPU
	EndGlobalSection
EndGlobal
